
Microsoft Visual Studio Solution File, Format Version 12.00
# Visual Studio Version 17
VisualStudioVersion = 17.13.35931.197
MinimumVisualStudioVersion = 10.0.40219.1
Project("{FAE04EC0-301F-11D3-BF4B-00C04F79EFBC}") = "ManifestX", "ManifestX\ManifestX.csproj", "{73BB4840-ADAD-4D3C-8BAC-0273521FE806}"
EndProject
Project("{FAE04EC0-301F-11D3-BF4B-00C04F79EFBC}") = "Brigadier", "Brigadier\Brigadier.csproj", "{D3BCC4B5-48EB-4D00-A9F0-035C1FA1DFE9}"
EndProject
Project("{FAE04EC0-301F-11D3-BF4B-00C04F79EFBC}") = "VXPASerializer", "VXPASerializer\VXPASerializer.csproj", "{60918F6A-3B43-4B8E-EB10-22FDAE8A5529}"
EndProject
Global
	GlobalSection(SolutionConfigurationPlatforms) = preSolution
		Debug|ARM64 = Debug|ARM64
		Debug|x64 = Debug|x64
		Debug|x86 = Debug|x86
		Release|ARM64 = Release|ARM64
		Release|x64 = Release|x64
		Release|x86 = Release|x86
	EndGlobalSection
	GlobalSection(ProjectConfigurationPlatforms) = postSolution
		{73BB4840-ADAD-4D3C-8BAC-0273521FE806}.Debug|ARM64.ActiveCfg = Debug|ARM64
		{73BB4840-ADAD-4D3C-8BAC-0273521FE806}.Debug|ARM64.Build.0 = Debug|ARM64
		{73BB4840-ADAD-4D3C-8BAC-0273521FE806}.Debug|ARM64.Deploy.0 = Debug|ARM64
		{73BB4840-ADAD-4D3C-8BAC-0273521FE806}.Debug|x64.ActiveCfg = Debug|x64
		{73BB4840-ADAD-4D3C-8BAC-0273521FE806}.Debug|x64.Build.0 = Debug|x64
		{73BB4840-ADAD-4D3C-8BAC-0273521FE806}.Debug|x64.Deploy.0 = Debug|x64
		{73BB4840-ADAD-4D3C-8BAC-0273521FE806}.Debug|x86.ActiveCfg = Debug|x86
		{73BB4840-ADAD-4D3C-8BAC-0273521FE806}.Debug|x86.Build.0 = Debug|x86
		{73BB4840-ADAD-4D3C-8BAC-0273521FE806}.Debug|x86.Deploy.0 = Debug|x86
		{73BB4840-ADAD-4D3C-8BAC-0273521FE806}.Release|ARM64.ActiveCfg = Release|ARM64
		{73BB4840-ADAD-4D3C-8BAC-0273521FE806}.Release|ARM64.Build.0 = Release|ARM64
		{73BB4840-ADAD-4D3C-8BAC-0273521FE806}.Release|ARM64.Deploy.0 = Release|ARM64
		{73BB4840-ADAD-4D3C-8BAC-0273521FE806}.Release|x64.ActiveCfg = Release|x64
		{73BB4840-ADAD-4D3C-8BAC-0273521FE806}.Release|x64.Build.0 = Release|x64
		{73BB4840-ADAD-4D3C-8BAC-0273521FE806}.Release|x64.Deploy.0 = Release|x64
		{73BB4840-ADAD-4D3C-8BAC-0273521FE806}.Release|x86.ActiveCfg = Release|x86
		{73BB4840-ADAD-4D3C-8BAC-0273521FE806}.Release|x86.Build.0 = Release|x86
		{73BB4840-ADAD-4D3C-8BAC-0273521FE806}.Release|x86.Deploy.0 = Release|x86
		{D3BCC4B5-48EB-4D00-A9F0-035C1FA1DFE9}.Debug|ARM64.ActiveCfg = Debug|Any CPU
		{D3BCC4B5-48EB-4D00-A9F0-035C1FA1DFE9}.Debug|ARM64.Build.0 = Debug|Any CPU
		{D3BCC4B5-48EB-4D00-A9F0-035C1FA1DFE9}.Debug|x64.ActiveCfg = Debug|Any CPU
		{D3BCC4B5-48EB-4D00-A9F0-035C1FA1DFE9}.Debug|x64.Build.0 = Debug|Any CPU
		{D3BCC4B5-48EB-4D00-A9F0-035C1FA1DFE9}.Debug|x86.ActiveCfg = Debug|Any CPU
		{D3BCC4B5-48EB-4D00-A9F0-035C1FA1DFE9}.Debug|x86.Build.0 = Debug|Any CPU
		{D3BCC4B5-48EB-4D00-A9F0-035C1FA1DFE9}.Release|ARM64.ActiveCfg = Release|Any CPU
		{D3BCC4B5-48EB-4D00-A9F0-035C1FA1DFE9}.Release|ARM64.Build.0 = Release|Any CPU
		{D3BCC4B5-48EB-4D00-A9F0-035C1FA1DFE9}.Release|x64.ActiveCfg = Release|Any CPU
		{D3BCC4B5-48EB-4D00-A9F0-035C1FA1DFE9}.Release|x64.Build.0 = Release|Any CPU
		{D3BCC4B5-48EB-4D00-A9F0-035C1FA1DFE9}.Release|x86.ActiveCfg = Release|Any CPU
		{D3BCC4B5-48EB-4D00-A9F0-035C1FA1DFE9}.Release|x86.Build.0 = Release|Any CPU
		{60918F6A-3B43-4B8E-EB10-22FDAE8A5529}.Debug|ARM64.ActiveCfg = Debug|Any CPU
		{60918F6A-3B43-4B8E-EB10-22FDAE8A5529}.Debug|ARM64.Build.0 = Debug|Any CPU
		{60918F6A-3B43-4B8E-EB10-22FDAE8A5529}.Debug|x64.ActiveCfg = Debug|Any CPU
		{60918F6A-3B43-4B8E-EB10-22FDAE8A5529}.Debug|x64.Build.0 = Debug|Any CPU
		{60918F6A-3B43-4B8E-EB10-22FDAE8A5529}.Debug|x86.ActiveCfg = Debug|Any CPU
		{60918F6A-3B43-4B8E-EB10-22FDAE8A5529}.Debug|x86.Build.0 = Debug|Any CPU
		{60918F6A-3B43-4B8E-EB10-22FDAE8A5529}.Release|ARM64.ActiveCfg = Release|Any CPU
		{60918F6A-3B43-4B8E-EB10-22FDAE8A5529}.Release|ARM64.Build.0 = Release|Any CPU
		{60918F6A-3B43-4B8E-EB10-22FDAE8A5529}.Release|x64.ActiveCfg = Release|Any CPU
		{60918F6A-3B43-4B8E-EB10-22FDAE8A5529}.Release|x64.Build.0 = Release|Any CPU
		{60918F6A-3B43-4B8E-EB10-22FDAE8A5529}.Release|x86.ActiveCfg = Release|Any CPU
		{60918F6A-3B43-4B8E-EB10-22FDAE8A5529}.Release|x86.Build.0 = Release|Any CPU
	EndGlobalSection
	GlobalSection(SolutionProperties) = preSolution
		HideSolutionNode = FALSE
	EndGlobalSection
	GlobalSection(ExtensibilityGlobals) = postSolution
		SolutionGuid = {82F0D97E-AB97-4FD7-BE79-1D4A319BCA3E}
	EndGlobalSection
EndGlobal
